
Microsoft Visual Studio Solution File, Format Version 12.00
# Visual Studio 15
VisualStudioVersion = 15.0.27130.2027
MinimumVisualStudioVersion = 10.0.40219.1
Project("{888888A0-9F3D-457C-B088-3A5042F75D52}") = "ocrmypdf-auto", "ocrmypdf-auto.pyproj", "{476C93BA-2232-46B4-B555-53F76B6B172D}"
EndProject
Global
	GlobalSection(SolutionConfigurationPlatforms) = preSolution
		Debug|Any CPU = Debug|Any CPU
		Release|Any CPU = Release|Any CPU
	EndGlobalSection
	GlobalSection(ProjectConfigurationPlatforms) = postSolution
		{476C93BA-2232-46B4-B555-53F76B6B172D}.Debug|Any CPU.ActiveCfg = Debug|Any CPU
		{476C93BA-2232-46B4-B555-53F76B6B172D}.Release|Any CPU.ActiveCfg = Release|Any CPU
	EndGlobalSection
	GlobalSection(SolutionProperties) = preSolution
		HideSolutionNode = FALSE
	EndGlobalSection
	GlobalSection(ExtensibilityGlobals) = postSolution
		SolutionGuid = {6F297190-12FD-4E06-9E47-2EF9A9F898BA}
	EndGlobalSection
EndGlobal
